
Microsoft Visual Studio Solution File, Format Version 12.00
# Visual Studio Version 16
VisualStudioVersion = 16.0.35026.282
MinimumVisualStudioVersion = 10.0.40219.1
Project("{FAE04EC0-301F-11D3-BF4B-00C04F79EFBC}") = "RunBufferDemo", "RunBufferDemo\RunBufferDemo.csproj", "{52908113-9204-4B4D-A6E7-9A8E4068876F}"
EndProject
Global
	GlobalSection(SolutionConfigurationPlatforms) = preSolution
		Debug|Any CPU = Debug|Any CPU
		Debug|x64 = Debug|x64
		Release|Any CPU = Release|Any CPU
		Release|x64 = Release|x64
	EndGlobalSection
	GlobalSection(ProjectConfigurationPlatforms) = postSolution
		{52908113-9204-4B4D-A6E7-9A8E4068876F}.Debug|Any CPU.ActiveCfg = Debug|Any CPU
		{52908113-9204-4B4D-A6E7-9A8E4068876F}.Debug|Any CPU.Build.0 = Debug|Any CPU
		{52908113-9204-4B4D-A6E7-9A8E4068876F}.Debug|x64.ActiveCfg = Debug|x64
		{52908113-9204-4B4D-A6E7-9A8E4068876F}.Debug|x64.Build.0 = Debug|x64
		{52908113-9204-4B4D-A6E7-9A8E4068876F}.Release|Any CPU.ActiveCfg = Release|Any CPU
		{52908113-9204-4B4D-A6E7-9A8E4068876F}.Release|Any CPU.Build.0 = Release|Any CPU
		{52908113-9204-4B4D-A6E7-9A8E4068876F}.Release|x64.ActiveCfg = Release|x64
		{52908113-9204-4B4D-A6E7-9A8E4068876F}.Release|x64.Build.0 = Release|x64
	EndGlobalSection
	GlobalSection(SolutionProperties) = preSolution
		HideSolutionNode = FALSE
	EndGlobalSection
	GlobalSection(ExtensibilityGlobals) = postSolution
		SolutionGuid = {F076179A-CF98-4ACC-9B98-0CC6BA79CBB7}
	EndGlobalSection
EndGlobal
